
Microsoft Visual Studio Solution File, Format Version 12.00
# Visual Studio Version 16
VisualStudioVersion = 16.0.30128.74
MinimumVisualStudioVersion = 10.0.40219.1
Project("{FAE04EC0-301F-11D3-BF4B-00C04F79EFBC}") = "ASPNETMVCCRUD", "ASPNETMVCCRUD\ASPNETMVCCRUD.csproj", "{3108B96F-E630-4773-BA17-1D95BA3FD800}"
EndProject
Global
	GlobalSection(SolutionConfigurationPlatforms) = preSolution
		Debug|Any CPU = Debug|Any CPU
		Release|Any CPU = Release|Any CPU
	EndGlobalSection
	GlobalSection(ProjectConfigurationPlatforms) = postSolution
		{3108B96F-E630-4773-BA17-1D95BA3FD800}.Debug|Any CPU.ActiveCfg = Debug|Any CPU
		{3108B96F-E630-4773-BA17-1D95BA3FD800}.Debug|Any CPU.Build.0 = Debug|Any CPU
		{3108B96F-E630-4773-BA17-1D95BA3FD800}.Release|Any CPU.ActiveCfg = Release|Any CPU
		{3108B96F-E630-4773-BA17-1D95BA3FD800}.Release|Any CPU.Build.0 = Release|Any CPU
	EndGlobalSection
	GlobalSection(SolutionProperties) = preSolution
		HideSolutionNode = FALSE
	EndGlobalSection
	GlobalSection(ExtensibilityGlobals) = postSolution
		SolutionGuid = {9855AD03-A7D9-45F6-9E62-180FE1C7E37C}
	EndGlobalSection
EndGlobal
